[{<<"cowboy">>,
  {git,"https://github.com/ninenines/cowboy.git",
       {ref,"63b17e4edf666d995ec86cdcda17a62ba5ebc423"}},
  0},
 {<<"cowlib">>,
  {git,"https://github.com/ninenines/cowlib",
       {ref,"c6553f8308a2ca5dcd69d845f0a7d098c40c3363"}},
  1},
 {<<"jesse">>,
  {git,"https://github.com/for-GET/jesse.git",
       {ref,"9126f3db675977f11da8da9b61dd4003f8449618"}},
  0},
 {<<"jsx">>,
  {git,"https://github.com/talentdeficit/jsx.git",
       {ref,"fc2a001073f2300ba38427c23e83d5673c020542"}},
  0},
 {<<"ranch">>,
  {git,"https://github.com/ninenines/ranch",
       {ref,"3190aef88aea04d6dce8545fe9b4574288903f44"}},
  1},
 {<<"rfc3339">>,
  {git,"https://github.com/talentdeficit/rfc3339.git",
       {ref,"31716adecb4b405b1f5ef80b9f3fa50f39b26af8"}},
  0}].
