[{<<"cowboy">>,
  {git,"https://github.com/ninenines/cowboy.git",
       {ref,"c998673eb009da2ea4dc0e6ef0332534cf679cc4"}},
  0},
 {<<"cowlib">>,
  {git,"https://github.com/ninenines/cowlib",
       {ref,"106ba84bb04537879d8ce59321a04e0682110b91"}},
  1},
 {<<"jesse">>,
  {git,"https://github.com/for-GET/jesse.git",
       {ref,"9126f3db675977f11da8da9b61dd4003f8449618"}},
  0},
 {<<"jsx">>,
  {git,"https://github.com/talentdeficit/jsx.git",
       {ref,"fc2a001073f2300ba38427c23e83d5673c020542"}},
  0},
 {<<"ranch">>,
  {git,"https://github.com/ninenines/ranch",
       {ref,"9b8ed47d789412b0021bfc1f94f1c17c387c721c"}},
  1},
 {<<"rfc3339">>,
  {git,"https://github.com/talentdeficit/rfc3339.git",
       {ref,"31716adecb4b405b1f5ef80b9f3fa50f39b26af8"}},
  0}].
